// !$*UTF8*$!
{
	archiveVersion = 1;
	classes = {
	};
	objectVersion = 46;
	objects = {

/* Begin PBXBuildFile section */
		00B67B80391D0DE27E64C364 /* Pods_Test_ABATests.framework in Frameworks */ = {isa = PBXBuildFile; fileRef = C465EB89A98303DC0E94C95C /* Pods_Test_ABATests.framework */; };
		4F235C83900F0B3E674F0DFF /* Pods_Test_ABA.framework in Frameworks */ = {isa = PBXBuildFile; fileRef = F941CC527E308167DDC1CBDA /* Pods_Test_ABA.framework */; };
		C6590F851E62E35600492508 /* AppDelegate.swift in Sources */ = {isa = PBXBuildFile; fileRef = C6590F841E62E35600492508 /* AppDelegate.swift */; };
		C6590F871E62E35600492508 /* ItemViewController.swift in Sources */ = {isa = PBXBuildFile; fileRef = C6590F861E62E35600492508 /* ItemViewController.swift */; };
		C6590F8A1E62E35600492508 /* Main.storyboard in Resources */ = {isa = PBXBuildFile; fileRef = C6590F881E62E35600492508 /* Main.storyboard */; };
		C6590F8C1E62E35600492508 /* Assets.xcassets in Resources */ = {isa = PBXBuildFile; fileRef = C6590F8B1E62E35600492508 /* Assets.xcassets */; };
		C6590F8F1E62E35600492508 /* LaunchScreen.storyboard in Resources */ = {isa = PBXBuildFile; fileRef = C6590F8D1E62E35600492508 /* LaunchScreen.storyboard */; };
		C6590F9A1E62E35600492508 /* Test_ABATests.swift in Sources */ = {isa = PBXBuildFile; fileRef = C6590F991E62E35600492508 /* Test_ABATests.swift */; };
		C6590FA91E62E3B000492508 /* Row.swift in Sources */ = {isa = PBXBuildFile; fileRef = C6590FA81E62E3B000492508 /* Row.swift */; };
		C6590FAB1E62E3E600492508 /* RowCell.swift in Sources */ = {isa = PBXBuildFile; fileRef = C6590FAA1E62E3E600492508 /* RowCell.swift */; };
		C6590FAD1E62E3FE00492508 /* CSVParser.swift in Sources */ = {isa = PBXBuildFile; fileRef = C6590FAC1E62E3FE00492508 /* CSVParser.swift */; };
		C6590FAF1E62E42400492508 /* test_application.csv in Resources */ = {isa = PBXBuildFile; fileRef = C6590FAE1E62E42400492508 /* test_application.csv */; };
		C6590FB11E62E44D00492508 /* TableViewController.swift in Sources */ = {isa = PBXBuildFile; fileRef = C6590FB01E62E44D00492508 /* TableViewController.swift */; };
/* End PBXBuildFile section */

/* Begin PBXContainerItemProxy section */
		C6590F961E62E35600492508 /* PBXContainerItemProxy */ = {
			isa = PBXContainerItemProxy;
			containerPortal = C6590F791E62E35600492508 /* Project object */;
			proxyType = 1;
			remoteGlobalIDString = C6590F801E62E35600492508;
			remoteInfo = "Test ABA";
		};
/* End PBXContainerItemProxy section */

/* Begin PBXFileReference section */
		1AED4A0587B7CE62815F8D00 /* Pods-Test ABA.release.xcconfig */ = {isa = PBXFileReference; includeInIndex = 1; lastKnownFileType = text.xcconfig; name = "Pods-Test ABA.release.xcconfig"; path = "Pods/Target Support Files/Pods-Test ABA/Pods-Test ABA.release.xcconfig"; sourceTree = "<group>"; };
		592488878AFD40E14FB54785 /* Pods-Test ABATests.release.xcconfig */ = {isa = PBXFileReference; includeInIndex = 1; lastKnownFileType = text.xcconfig; name = "Pods-Test ABATests.release.xcconfig"; path = "Pods/Target Support Files/Pods-Test ABATests/Pods-Test ABATests.release.xcconfig"; sourceTree = "<group>"; };
		82892DC66A68DD020C5FB1A1 /* Pods-Test ABA.debug.xcconfig */ = {isa = PBXFileReference; includeInIndex = 1; lastKnownFileType = text.xcconfig; name = "Pods-Test ABA.debug.xcconfig"; path = "Pods/Target Support Files/Pods-Test ABA/Pods-Test ABA.debug.xcconfig"; sourceTree = "<group>"; };
		C465EB89A98303DC0E94C95C /* Pods_Test_ABATests.framework */ = {isa = PBXFileReference; explicitFileType = wrapper.framework; includeInIndex = 0; path = Pods_Test_ABATests.framework; sourceTree = BUILT_PRODUCTS_DIR; };
		C6590F811E62E35600492508 /* Test ABA.app */ = {isa = PBXFileReference; explicitFileType = wrapper.application; includeInIndex = 0; path = "Test ABA.app"; sourceTree = BUILT_PRODUCTS_DIR; };
		C6590F841E62E35600492508 /* AppDelegate.swift */ = {isa = PBXFileReference; lastKnownFileType = sourcecode.swift; path = AppDelegate.swift; sourceTree = "<group>"; };
		C6590F861E62E35600492508 /* ItemViewController.swift */ = {isa = PBXFileReference; lastKnownFileType = sourcecode.swift; path = ItemViewController.swift; sourceTree = "<group>"; };
		C6590F891E62E35600492508 /* Base */ = {isa = PBXFileReference; lastKnownFileType = file.storyboard; name = Base; path = Base.lproj/Main.storyboard; sourceTree = "<group>"; };
		C6590F8B1E62E35600492508 /* Assets.xcassets */ = {isa = PBXFileReference; lastKnownFileType = folder.assetcatalog; path = Assets.xcassets; sourceTree = "<group>"; };
		C6590F8E1E62E35600492508 /* Base */ = {isa = PBXFileReference; lastKnownFileType = file.storyboard; name = Base; path = Base.lproj/LaunchScreen.storyboard; sourceTree = "<group>"; };
		C6590F901E62E35600492508 /* Info.plist */ = {isa = PBXFileReference; lastKnownFileType = text.plist.xml; path = Info.plist; sourceTree = "<group>"; };
		C6590F951E62E35600492508 /* Test ABATests.xctest */ = {isa = PBXFileReference; explicitFileType = wrapper.cfbundle; includeInIndex = 0; path = "Test ABATests.xctest"; sourceTree = BUILT_PRODUCTS_DIR; };
		C6590F991E62E35600492508 /* Test_ABATests.swift */ = {isa = PBXFileReference; lastKnownFileType = sourcecode.swift; path = Test_ABATests.swift; sourceTree = "<group>"; };
		C6590F9B1E62E35600492508 /* Info.plist */ = {isa = PBXFileReference; lastKnownFileType = text.plist.xml; path = Info.plist; sourceTree = "<group>"; };
		C6590FA81E62E3B000492508 /* Row.swift */ = {isa = PBXFileReference; fileEncoding = 4; lastKnownFileType = sourcecode.swift; path = Row.swift; sourceTree = "<group>"; };
		C6590FAA1E62E3E600492508 /* RowCell.swift */ = {isa = PBXFileReference; fileEncoding = 4; lastKnownFileType = sourcecode.swift; path = RowCell.swift; sourceTree = "<group>"; };
		C6590FAC1E62E3FE00492508 /* CSVParser.swift */ = {isa = PBXFileReference; fileEncoding = 4; lastKnownFileType = sourcecode.swift; path = CSVParser.swift; sourceTree = "<group>"; };
		C6590FAE1E62E42400492508 /* test_application.csv */ = {isa = PBXFileReference; fileEncoding = 4; lastKnownFileType = text; path = test_application.csv; sourceTree = "<group>"; };
		C6590FB01E62E44D00492508 /* TableViewController.swift */ = {isa = PBXFileReference; fileEncoding = 4; lastKnownFileType = sourcecode.swift; path = TableViewController.swift; sourceTree = "<group>"; };
		C92677D650563EA44B24CD99 /* Pods-Test ABATests.debug.xcconfig */ = {isa = PBXFileReference; includeInIndex = 1; lastKnownFileType = text.xcconfig; name = "Pods-Test ABATests.debug.xcconfig"; path = "Pods/Target Support Files/Pods-Test ABATests/Pods-Test ABATests.debug.xcconfig"; sourceTree = "<group>"; };
		F941CC527E308167DDC1CBDA /* Pods_Test_ABA.framework */ = {isa = PBXFileReference; explicitFileType = wrapper.framework; includeInIndex = 0; path = Pods_Test_ABA.framework; sourceTree = BUILT_PRODUCTS_DIR; };
/* End PBXFileReference section */

/* Begin PBXFrameworksBuildPhase section */
		C6590F7E1E62E35600492508 /* Frameworks */ = {
			isa = PBXFrameworksBuildPhase;
			buildActionMask = 2147483647;
			files = (
				4F235C83900F0B3E674F0DFF /* Pods_Test_ABA.framework in Frameworks */,
			);
			runOnlyForDeploymentPostprocessing = 0;
		};
		C6590F921E62E35600492508 /* Frameworks */ = {
			isa = PBXFrameworksBuildPhase;
			buildActionMask = 2147483647;
			files = (
				00B67B80391D0DE27E64C364 /* Pods_Test_ABATests.framework in Frameworks */,
			);
			runOnlyForDeploymentPostprocessing = 0;
		};
/* End PBXFrameworksBuildPhase section */

/* Begin PBXGroup section */
		4204D55ECF6E08EECC193348 /* Pods */ = {
			isa = PBXGroup;
			children = (
				82892DC66A68DD020C5FB1A1 /* Pods-Test ABA.debug.xcconfig */,
				1AED4A0587B7CE62815F8D00 /* Pods-Test ABA.release.xcconfig */,
				C92677D650563EA44B24CD99 /* Pods-Test ABATests.debug.xcconfig */,
				592488878AFD40E14FB54785 /* Pods-Test ABATests.release.xcconfig */,
			);
			name = Pods;
			sourceTree = "<group>";
		};
		4A5727169D9BAD64CB3A92DD /* Frameworks */ = {
			isa = PBXGroup;
			children = (
				F941CC527E308167DDC1CBDA /* Pods_Test_ABA.framework */,
				C465EB89A98303DC0E94C95C /* Pods_Test_ABATests.framework */,
			);
			name = Frameworks;
			sourceTree = "<group>";
		};
		C6590F781E62E35600492508 = {
			isa = PBXGroup;
			children = (
				C6590F831E62E35600492508 /* Test ABA */,
				C6590F981E62E35600492508 /* Test ABATests */,
				C6590F821E62E35600492508 /* Products */,
				4204D55ECF6E08EECC193348 /* Pods */,
				4A5727169D9BAD64CB3A92DD /* Frameworks */,
			);
			sourceTree = "<group>";
		};
		C6590F821E62E35600492508 /* Products */ = {
			isa = PBXGroup;
			children = (
				C6590F811E62E35600492508 /* Test ABA.app */,
				C6590F951E62E35600492508 /* Test ABATests.xctest */,
			);
			name = Products;
			sourceTree = "<group>";
		};
		C6590F831E62E35600492508 /* Test ABA */ = {
			isa = PBXGroup;
			children = (
				C6590FA71E62E39900492508 /* File */,
				C6590FA61E62E39100492508 /* Class */,
				C6590FA51E62E38700492508 /* Cell View */,
				C6590FA41E62E38000492508 /* CSV Parser */,
				C6590F841E62E35600492508 /* AppDelegate.swift */,
				C6590FB01E62E44D00492508 /* TableViewController.swift */,
				C6590F861E62E35600492508 /* ItemViewController.swift */,
				C6590F881E62E35600492508 /* Main.storyboard */,
				C6590F8D1E62E35600492508 /* LaunchScreen.storyboard */,
				C6590F901E62E35600492508 /* Info.plist */,
				C6590F8B1E62E35600492508 /* Assets.xcassets */,
			);
			path = "Test ABA";
			sourceTree = "<group>";
		};
		C6590F981E62E35600492508 /* Test ABATests */ = {
			isa = PBXGroup;
			children = (
				C6590F991E62E35600492508 /* Test_ABATests.swift */,
				C6590F9B1E62E35600492508 /* Info.plist */,
			);
			path = "Test ABATests";
			sourceTree = "<group>";
		};
		C6590FA41E62E38000492508 /* CSV Parser */ = {
			isa = PBXGroup;
			children = (
				C6590FAC1E62E3FE00492508 /* CSVParser.swift */,
			);
			name = "CSV Parser";
			sourceTree = "<group>";
		};
		C6590FA51E62E38700492508 /* Cell View */ = {
			isa = PBXGroup;
			children = (
				C6590FAA1E62E3E600492508 /* RowCell.swift */,
			);
			name = "Cell View";
			sourceTree = "<group>";
		};
		C6590FA61E62E39100492508 /* Class */ = {
			isa = PBXGroup;
			children = (
				C6590FA81E62E3B000492508 /* Row.swift */,
			);
			name = Class;
			sourceTree = "<group>";
		};
		C6590FA71E62E39900492508 /* File */ = {
			isa = PBXGroup;
			children = (
				C6590FAE1E62E42400492508 /* test_application.csv */,
			);
			name = File;
			sourceTree = "<group>";
		};
/* End PBXGroup section */

/* Begin PBXNativeTarget section */
		C6590F801E62E35600492508 /* Test ABA */ = {
			isa = PBXNativeTarget;
			buildConfigurationList = C6590F9E1E62E35600492508 /* Build configuration list for PBXNativeTarget "Test ABA" */;
			buildPhases = (
				ED474F7ECB057072244D6353 /* [CP] Check Pods Manifest.lock */,
				C6590F7D1E62E35600492508 /* Sources */,
				C6590F7E1E62E35600492508 /* Frameworks */,
				C6590F7F1E62E35600492508 /* Resources */,
				97450E2C6185591FE3464A26 /* [CP] Embed Pods Frameworks */,
				EBA8A34F8CA9DC1068650CE2 /* [CP] Copy Pods Resources */,
			);
			buildRules = (
			);
			dependencies = (
			);
			name = "Test ABA";
			productName = "Test ABA";
			productReference = C6590F811E62E35600492508 /* Test ABA.app */;
			productType = "com.apple.product-type.application";
		};
		C6590F941E62E35600492508 /* Test ABATests */ = {
			isa = PBXNativeTarget;
			buildConfigurationList = C6590FA11E62E35600492508 /* Build configuration list for PBXNativeTarget "Test ABATests" */;
			buildPhases = (
				AEB3E1EB081FE800451398A9 /* [CP] Check Pods Manifest.lock */,
				C6590F911E62E35600492508 /* Sources */,
				C6590F921E62E35600492508 /* Frameworks */,
				C6590F931E62E35600492508 /* Resources */,
				1BED2CE66BF44CB21CA71A23 /* [CP] Embed Pods Frameworks */,
				425157D7572884341626C105 /* [CP] Copy Pods Resources */,
			);
			buildRules = (
			);
			dependencies = (
				C6590F971E62E35600492508 /* PBXTargetDependency */,
			);
			name = "Test ABATests";
			productName = "Test ABATests";
			productReference = C6590F951E62E35600492508 /* Test ABATests.xctest */;
			productType = "com.apple.product-type.bundle.unit-test";
		};
/* End PBXNativeTarget section */

/* Begin PBXProject section */
		C6590F791E62E35600492508 /* Project object */ = {
			isa = PBXProject;
			attributes = {
				LastSwiftUpdateCheck = 0820;
				LastUpgradeCheck = 0820;
				ORGANIZATIONNAME = "Jordi Gamez";
				TargetAttributes = {
					C6590F801E62E35600492508 = {
						CreatedOnToolsVersion = 8.2.1;
						DevelopmentTeam = 2GF85C9B94;
						ProvisioningStyle = Automatic;
					};
					C6590F941E62E35600492508 = {
						CreatedOnToolsVersion = 8.2.1;
						DevelopmentTeam = 2GF85C9B94;
						ProvisioningStyle = Automatic;
						TestTargetID = C6590F801E62E35600492508;
					};
				};
			};
			buildConfigurationList = C6590F7C1E62E35600492508 /* Build configuration list for PBXProject "Test ABA" */;
			compatibilityVersion = "Xcode 3.2";
			developmentRegion = English;
			hasScannedForEncodings = 0;
			knownRegions = (
				en,
				Base,
			);
			mainGroup = C6590F781E62E35600492508;
			productRefGroup = C6590F821E62E35600492508 /* Products */;
			projectDirPath = "";
			projectRoot = "";
			targets = (
				C6590F801E62E35600492508 /* Test ABA */,
				C6590F941E62E35600492508 /* Test ABATests */,
			);
		};
/* End PBXProject section */

/* Begin PBXResourcesBuildPhase section */
		C6590F7F1E62E35600492508 /* Resources */ = {
			isa = PBXResourcesBuildPhase;
			buildActionMask = 2147483647;
			files = (
				C6590F8F1E62E35600492508 /* LaunchScreen.storyboard in Resources */,
				C6590FAF1E62E42400492508 /* test_application.csv in Resources */,
				C6590F8C1E62E35600492508 /* Assets.xcassets in Resources */,
				C6590F8A1E62E35600492508 /* Main.storyboard in Resources */,
			);
			runOnlyForDeploymentPostprocessing = 0;
		};
		C6590F931E62E35600492508 /* Resources */ = {
			isa = PBXResourcesBuildPhase;
			buildActionMask = 2147483647;
			files = (
			);
			runOnlyForDeploymentPostprocessing = 0;
		};
/* End PBXResourcesBuildPhase section */

/* Begin PBXShellScriptBuildPhase section */
		1BED2CE66BF44CB21CA71A23 /* [CP] Embed Pods Frameworks */ = {
			isa = PBXShellScriptBuildPhase;
			buildActionMask = 2147483647;
			files = (
			);
			inputPaths = (
			);
			name = "[CP] Embed Pods Frameworks";
			outputPaths = (
			);
			runOnlyForDeploymentPostprocessing = 0;
			shellPath = /bin/sh;
			shellScript = "\"${SRCROOT}/Pods/Target Support Files/Pods-Test ABATests/Pods-Test ABATests-frameworks.sh\"\n";
			showEnvVarsInLog = 0;
		};
		425157D7572884341626C105 /* [CP] Copy Pods Resources */ = {
			isa = PBXShellScriptBuildPhase;
			buildActionMask = 2147483647;
			files = (
			);
			inputPaths = (
			);
			name = "[CP] Copy Pods Resources";
			outputPaths = (
			);
			runOnlyForDeploymentPostprocessing = 0;
			shellPath = /bin/sh;
			shellScript = "\"${SRCROOT}/Pods/Target Support Files/Pods-Test ABATests/Pods-Test ABATests-resources.sh\"\n";
			showEnvVarsInLog = 0;
		};
		97450E2C6185591FE3464A26 /* [CP] Embed Pods Frameworks */ = {
			isa = PBXShellScriptBuildPhase;
			buildActionMask = 2147483647;
			files = (
			);
			inputPaths = (
			);
			name = "[CP] Embed Pods Frameworks";
			outputPaths = (
			);
			runOnlyForDeploymentPostprocessing = 0;
			shellPath = /bin/sh;
			shellScript = "\"${SRCROOT}/Pods/Target Support Files/Pods-Test ABA/Pods-Test ABA-frameworks.sh\"\n";
			showEnvVarsInLog = 0;
		};
		AEB3E1EB081FE800451398A9 /* [CP] Check Pods Manifest.lock */ = {
			isa = PBXShellScriptBuildPhase;
			buildActionMask = 2147483647;
			files = (
			);
			inputPaths = (
			);
			name = "[CP] Check Pods Manifest.lock";
			outputPaths = (
			);
			runOnlyForDeploymentPostprocessing = 0;
			shellPath = /bin/sh;
			shellScript = "diff \"${PODS_ROOT}/../Podfile.lock\" \"${PODS_ROOT}/Manifest.lock\" > /dev/null\nif [ $? != 0 ] ; then\n    # print error to STDERR\n    echo \"error: The sandbox is not in sync with the Podfile.lock. Run 'pod install' or update your CocoaPods installation.\" >&2\n    exit 1\nfi\n";
			showEnvVarsInLog = 0;
		};
		EBA8A34F8CA9DC1068650CE2 /* [CP] Copy Pods Resources */ = {
			isa = PBXShellScriptBuildPhase;
			buildActionMask = 2147483647;
			files = (
			);
			inputPaths = (
			);
			name = "[CP] Copy Pods Resources";
			outputPaths = (
			);
			runOnlyForDeploymentPostprocessing = 0;
			shellPath = /bin/sh;
			shellScript = "\"${SRCROOT}/Pods/Target Support Files/Pods-Test ABA/Pods-Test ABA-resources.sh\"\n";
			showEnvVarsInLog = 0;
		};
		ED474F7ECB057072244D6353 /* [CP] Check Pods Manifest.lock */ = {
			isa = PBXShellScriptBuildPhase;
			buildActionMask = 2147483647;
			files = (
			);
			inputPaths = (
			);
			name = "[CP] Check Pods Manifest.lock";
			outputPaths = (
			);
			runOnlyForDeploymentPostprocessing = 0;
			shellPath = /bin/sh;
			shellScript = "diff \"${PODS_ROOT}/../Podfile.lock\" \"${PODS_ROOT}/Manifest.lock\" > /dev/null\nif [ $? != 0 ] ; then\n    # print error to STDERR\n    echo \"error: The sandbox is not in sync with the Podfile.lock. Run 'pod install' or update your CocoaPods installation.\" >&2\n    exit 1\nfi\n";
			showEnvVarsInLog = 0;
		};
/* End PBXShellScriptBuildPhase section */

/* Begin PBXSourcesBuildPhase section */
		C6590F7D1E62E35600492508 /* Sources */ = {
			isa = PBXSourcesBuildPhase;
			buildActionMask = 2147483647;
			files = (
				C6590FAD1E62E3FE00492508 /* CSVParser.swift in Sources */,
				C6590FB11E62E44D00492508 /* TableViewController.swift in Sources */,
				C6590FAB1E62E3E600492508 /* RowCell.swift in Sources */,
				C6590F871E62E35600492508 /* ItemViewController.swift in Sources */,
				C6590F851E62E35600492508 /* AppDelegate.swift in Sources */,
				C6590FA91E62E3B000492508 /* Row.swift in Sources */,
			);
			runOnlyForDeploymentPostprocessing = 0;
		};
		C6590F911E62E35600492508 /* Sources */ = {
			isa = PBXSourcesBuildPhase;
			buildActionMask = 2147483647;
			files = (
				C6590F9A1E62E35600492508 /* Test_ABATests.swift in Sources */,
			);
			runOnlyForDeploymentPostprocessing = 0;
		};
/* End PBXSourcesBuildPhase section */

/* Begin PBXTargetDependency section */
		C6590F971E62E35600492508 /* PBXTargetDependency */ = {
			isa = PBXTargetDependency;
			target = C6590F801E62E35600492508 /* Test ABA */;
			targetProxy = C6590F961E62E35600492508 /* PBXContainerItemProxy */;
		};
/* End PBXTargetDependency section */

/* Begin PBXVariantGroup section */
		C6590F881E62E35600492508 /* Main.storyboard */ = {
			isa = PBXVariantGroup;
			children = (
				C6590F891E62E35600492508 /* Base */,
			);
			name = Main.storyboard;
			sourceTree = "<group>";
		};
		C6590F8D1E62E35600492508 /* LaunchScreen.storyboard */ = {
			isa = PBXVariantGroup;
			children = (
				C6590F8E1E62E35600492508 /* Base */,
			);
			name = LaunchScreen.storyboard;
			sourceTree = "<group>";
		};
/* End PBXVariantGroup section */

/* Begin XCBuildConfiguration section */
		C6590F9C1E62E35600492508 /* Debug */ = {
			isa = XCBuildConfiguration;
			buildSettings = {
				ALWAYS_SEARCH_USER_PATHS = NO;
				CLANG_ANALYZER_NONNULL = YES;
				CLANG_CXX_LANGUAGE_STANDARD = "gnu++0x";
				CLANG_CXX_LIBRARY = "libc++";
				CLANG_ENABLE_MODULES = YES;
				CLANG_ENABLE_OBJC_ARC = YES;
				CLANG_WARN_BOOL_CONVERSION = YES;
				CLANG_WARN_CONSTANT_CONVERSION = YES;
				CLANG_WARN_DIRECT_OBJC_ISA_USAGE = YES_ERROR;
				CLANG_WARN_DOCUMENTATION_COMMENTS = YES;
				CLANG_WARN_EMPTY_BODY = YES;
				CLANG_WARN_ENUM_CONVERSION = YES;
				CLANG_WARN_INFINITE_RECURSION = YES;
				CLANG_WARN_INT_CONVERSION = YES;
				CLANG_WARN_OBJC_ROOT_CLASS = YES_ERROR;
				CLANG_WARN_SUSPICIOUS_MOVE = YES;
				CLANG_WARN_UNREACHABLE_CODE = YES;
				CLANG_WARN__DUPLICATE_METHOD_MATCH = YES;
				"CODE_SIGN_IDENTITY[sdk=iphoneos*]" = "iPhone Developer";
				COPY_PHASE_STRIP = NO;
				DEBUG_INFORMATION_FORMAT = dwarf;
				ENABLE_STRICT_OBJC_MSGSEND = YES;
				ENABLE_TESTABILITY = YES;
				GCC_C_LANGUAGE_STANDARD = gnu99;
				GCC_DYNAMIC_NO_PIC = NO;
				GCC_NO_COMMON_BLOCKS = YES;
				GCC_OPTIMIZATION_LEVEL = 0;
				GCC_PREPROCESSOR_DEFINITIONS = (
					"DEBUG=1",
					"$(inherited)",
				);
				GCC_WARN_64_TO_32_BIT_CONVERSION = YES;
				GCC_WARN_ABOUT_RETURN_TYPE = YES_ERROR;
				GCC_WARN_UNDECLARED_SELECTOR = YES;
				GCC_WARN_UNINITIALIZED_AUTOS = YES_AGGRESSIVE;
				GCC_WARN_UNUSED_FUNCTION = YES;
				GCC_WARN_UNUSED_VARIABLE = YES;
				IPHONEOS_DEPLOYMENT_TARGET = 10.2;
				MTL_ENABLE_DEBUG_INFO = YES;
				ONLY_ACTIVE_ARCH = YES;
				SDKROOT = iphoneos;
				SWIFT_ACTIVE_COMPILATION_CONDITIONS = DEBUG;
				SWIFT_OPTIMIZATION_LEVEL = "-Onone";
				TARGETED_DEVICE_FAMILY = "1,2";
			};
			name = Debug;
		};
		C6590F9D1E62E35600492508 /* Release */ = {
			isa = XCBuildConfiguration;
			buildSettings = {
				ALWAYS_SEARCH_USER_PATHS = NO;
				CLANG_ANALYZER_NONNULL = YES;
				CLANG_CXX_LANGUAGE_STANDARD = "gnu++0x";
				CLANG_CXX_LIBRARY = "libc++";
				CLANG_ENABLE_MODULES = YES;
				CLANG_ENABLE_OBJC_ARC = YES;
				CLANG_WARN_BOOL_CONVERSION = YES;
				CLANG_WARN_CONSTANT_CONVERSION = YES;
				CLANG_WARN_DIRECT_OBJC_ISA_USAGE = YES_ERROR;
				CLANG_WARN_DOCUMENTATION_COMMENTS = YES;
				CLANG_WARN_EMPTY_BODY = YES;
				CLANG_WARN_ENUM_CONVERSION = YES;
				CLANG_WARN_INFINITE_RECURSION = YES;
				CLANG_WARN_INT_CONVERSION = YES;
				CLANG_WARN_OBJC_ROOT_CLASS = YES_ERROR;
				CLANG_WARN_SUSPICIOUS_MOVE = YES;
				CLANG_WARN_UNREACHABLE_CODE = YES;
				CLANG_WARN__DUPLICATE_METHOD_MATCH = YES;
				"CODE_SIGN_IDENTITY[sdk=iphoneos*]" = "iPhone Developer";
				COPY_PHASE_STRIP = NO;
				DEBUG_INFORMATION_FORMAT = "dwarf-with-dsym";
				ENABLE_NS_ASSERTIONS = NO;
				ENABLE_STRICT_OBJC_MSGSEND = YES;
				GCC_C_LANGUAGE_STANDARD = gnu99;
				GCC_NO_COMMON_BLOCKS = YES;
				GCC_WARN_64_TO_32_BIT_CONVERSION = YES;
				GCC_WARN_ABOUT_RETURN_TYPE = YES_ERROR;
				GCC_WARN_UNDECLARED_SELECTOR = YES;
				GCC_WARN_UNINITIALIZED_AUTOS = YES_AGGRESSIVE;
				GCC_WARN_UNUSED_FUNCTION = YES;
				GCC_WARN_UNUSED_VARIABLE = YES;
				IPHONEOS_DEPLOYMENT_TARGET = 10.2;
				MTL_ENABLE_DEBUG_INFO = NO;
				SDKROOT = iphoneos;
				SWIFT_OPTIMIZATION_LEVEL = "-Owholemodule";
				TARGETED_DEVICE_FAMILY = "1,2";
				VALIDATE_PRODUCT = YES;
			};
			name = Release;
		};
		C6590F9F1E62E35600492508 /* Debug */ = {
			isa = XCBuildConfiguration;
			baseConfigurationReference = 82892DC66A68DD020C5FB1A1 /* Pods-Test ABA.debug.xcconfig */;
			buildSettings = {
				ASSETCATALOG_COMPILER_APPICON_NAME = AppIcon;
				DEVELOPMENT_TEAM = 2GF85C9B94;
				INFOPLIST_FILE = "Test ABA/Info.plist";
				IPHONEOS_DEPLOYMENT_TARGET = 8.0;
				LD_RUNPATH_SEARCH_PATHS = "$(inherited) @executable_path/Frameworks";
				PRODUCT_BUNDLE_IDENTIFIER = "com.jordigamez.Test-ABA";
				PRODUCT_NAME = "$(TARGET_NAME)";
				SWIFT_VERSION = 3.0;
			};
			name = Debug;
		};
		C6590FA01E62E35600492508 /* Release */ = {
			isa = XCBuildConfiguration;
			baseConfigurationReference = 1AED4A0587B7CE62815F8D00 /* Pods-Test ABA.release.xcconfig */;
			buildSettings = {
				ASSETCATALOG_COMPILER_APPICON_NAME = AppIcon;
				DEVELOPMENT_TEAM = 2GF85C9B94;
				INFOPLIST_FILE = "Test ABA/Info.plist";
				IPHONEOS_DEPLOYMENT_TARGET = 8.0;
				LD_RUNPATH_SEARCH_PATHS = "$(inherited) @executable_path/Frameworks";
				PRODUCT_BUNDLE_IDENTIFIER = "com.jordigamez.Test-ABA";
				PRODUCT_NAME = "$(TARGET_NAME)";
				SWIFT_VERSION = 3.0;
			};
			name = Release;
		};
		C6590FA21E62E35600492508 /* Debug */ = {
			isa = XCBuildConfiguration;
			baseConfigurationReference = C92677D650563EA44B24CD99 /* Pods-Test ABATests.debug.xcconfig */;
			buildSettings = {
				ALWAYS_EMBED_SWIFT_STANDARD_LIBRARIES = YES;
				BUNDLE_LOADER = "$(TEST_HOST)";
				DEVELOPMENT_TEAM = 2GF85C9B94;
				INFOPLIST_FILE = "Test ABATests/Info.plist";
				LD_RUNPATH_SEARCH_PATHS = "$(inherited) @executable_path/Frameworks @loader_path/Frameworks";
				PRODUCT_BUNDLE_IDENTIFIER = "com.jordigamez.Test-ABATests";
				PRODUCT_NAME = "$(TARGET_NAME)";
				SWIFT_VERSION = 3.0;
				TEST_HOST = "$(BUILT_PRODUCTS_DIR)/Test ABA.app/Test ABA";
			};
			name = Debug;
		};
		C6590FA31E62E35600492508 /* Release */ = {
			isa = XCBuildConfiguration;
			baseConfigurationReference = 592488878AFD40E14FB54785 /* Pods-Test ABATests.release.xcconfig */;
			buildSettings = {
				ALWAYS_EMBED_SWIFT_STANDARD_LIBRARIES = YES;
				BUNDLE_LOADER = "$(TEST_HOST)";
				DEVELOPMENT_TEAM = 2GF85C9B94;
				INFOPLIST_FILE = "Test ABATests/Info.plist";
				LD_RUNPATH_SEARCH_PATHS = "$(inherited) @executable_path/Frameworks @loader_path/Frameworks";
				PRODUCT_BUNDLE_IDENTIFIER = "com.jordigamez.Test-ABATests";
				PRODUCT_NAME = "$(TARGET_NAME)";
				SWIFT_VERSION = 3.0;
				TEST_HOST = "$(BUILT_PRODUCTS_DIR)/Test ABA.app/Test ABA";
			};
			name = Release;
		};
/* End XCBuildConfiguration section */

/* Begin XCConfigurationList section */
		C6590F7C1E62E35600492508 /* Build configuration list for PBXProject "Test ABA" */ = {
			isa = XCConfigurationList;
			buildConfigurations = (
				C6590F9C1E62E35600492508 /* Debug */,
				C6590F9D1E62E35600492508 /* Release */,
			);
			defaultConfigurationIsVisible = 0;
			defaultConfigurationName = Release;
		};
		C6590F9E1E62E35600492508 /* Build configuration list for PBXNativeTarget "Test ABA" */ = {
			isa = XCConfigurationList;
			buildConfigurations = (
				C6590F9F1E62E35600492508 /* Debug */,
				C6590FA01E62E35600492508 /* Release */,
			);
			defaultConfigurationIsVisible = 0;
			defaultConfigurationName = Release;
		};
		C6590FA11E62E35600492508 /* Build configuration list for PBXNativeTarget "Test ABATests" */ = {
			isa = XCConfigurationList;
			buildConfigurations = (
				C6590FA21E62E35600492508 /* Debug */,
				C6590FA31E62E35600492508 /* Release */,
			);
			defaultConfigurationIsVisible = 0;
			defaultConfigurationName = Release;
		};
/* End XCConfigurationList section */
	};
	rootObject = C6590F791E62E35600492508 /* Project object */;
}
